
Microsoft Visual Studio Solution File, Format Version 12.00
# Visual Studio Version 17
VisualStudioVersion = 17.6.33829.357
MinimumVisualStudioVersion = 10.0.40219.1
Project("{FAE04EC0-301F-11D3-BF4B-00C04F79EFBC}") = "AdoLinqE6K", "AdoLinqE6K\AdoLinqE6K.csproj", "{509F19A0-23EF-4D55-B879-84923D857BD6}"
EndProject
Project("{00D1A9C2-B5F0-4AF3-8072-F6C62B433612}") = "ADO", "ADO\ADO.sqlproj", "{E7B31E25-9B79-4BA4-A7F7-3AA2118D5029}"
EndProject
Global
	GlobalSection(SolutionConfigurationPlatforms) = preSolution
		Debug|Any CPU = Debug|Any CPU
		Release|Any CPU = Release|Any CPU
	EndGlobalSection
	GlobalSection(ProjectConfigurationPlatforms) = postSolution
		{509F19A0-23EF-4D55-B879-84923D857BD6}.Debug|Any CPU.ActiveCfg = Debug|Any CPU
		{509F19A0-23EF-4D55-B879-84923D857BD6}.Debug|Any CPU.Build.0 = Debug|Any CPU
		{509F19A0-23EF-4D55-B879-84923D857BD6}.Release|Any CPU.ActiveCfg = Release|Any CPU
		{509F19A0-23EF-4D55-B879-84923D857BD6}.Release|Any CPU.Build.0 = Release|Any CPU
		{E7B31E25-9B79-4BA4-A7F7-3AA2118D5029}.Debug|Any CPU.ActiveCfg = Debug|Any CPU
		{E7B31E25-9B79-4BA4-A7F7-3AA2118D5029}.Debug|Any CPU.Build.0 = Debug|Any CPU
		{E7B31E25-9B79-4BA4-A7F7-3AA2118D5029}.Debug|Any CPU.Deploy.0 = Debug|Any CPU
		{E7B31E25-9B79-4BA4-A7F7-3AA2118D5029}.Release|Any CPU.ActiveCfg = Release|Any CPU
		{E7B31E25-9B79-4BA4-A7F7-3AA2118D5029}.Release|Any CPU.Build.0 = Release|Any CPU
		{E7B31E25-9B79-4BA4-A7F7-3AA2118D5029}.Release|Any CPU.Deploy.0 = Release|Any CPU
	EndGlobalSection
	GlobalSection(SolutionProperties) = preSolution
		HideSolutionNode = FALSE
	EndGlobalSection
	GlobalSection(ExtensibilityGlobals) = postSolution
		SolutionGuid = {B93712CB-A518-40A3-9C19-31164AB69C08}
	EndGlobalSection
EndGlobal
